
Microsoft Visual Studio Solution File, Format Version 12.00
# Visual Studio Version 16
VisualStudioVersion = 16.0.30804.86
MinimumVisualStudioVersion = 10.0.40219.1
Project("{FAE04EC0-301F-11D3-BF4B-00C04F79EFBC}") = "Projeto_Site_Receitas", "Projeto_Site_Receitas\Projeto_Site_Receitas.csproj", "{D53B1160-0ECB-4FA1-8240-9C4E0B13FC15}"
EndProject
Project("{FAE04EC0-301F-11D3-BF4B-00C04F79EFBC}") = "AspNet", "AspNet\AspNet.csproj", "{A37FF535-31F4-4AFD-B343-AD88C360E5E3}"
EndProject
Project("{FAE04EC0-301F-11D3-BF4B-00C04F79EFBC}") = "DAL_Receitas", "DAL_Receitas\DAL_Receitas.csproj", "{0D0745C2-F8D5-47C9-AC41-3B79F7C0CEFC}"
EndProject
Global
	GlobalSection(SolutionConfigurationPlatforms) = preSolution
		Debug|Any CPU = Debug|Any CPU
		Release|Any CPU = Release|Any CPU
	EndGlobalSection
	GlobalSection(ProjectConfigurationPlatforms) = postSolution
		{D53B1160-0ECB-4FA1-8240-9C4E0B13FC15}.Debug|Any CPU.ActiveCfg = Debug|Any CPU
		{D53B1160-0ECB-4FA1-8240-9C4E0B13FC15}.Debug|Any CPU.Build.0 = Debug|Any CPU
		{D53B1160-0ECB-4FA1-8240-9C4E0B13FC15}.Release|Any CPU.ActiveCfg = Release|Any CPU
		{D53B1160-0ECB-4FA1-8240-9C4E0B13FC15}.Release|Any CPU.Build.0 = Release|Any CPU
		{A37FF535-31F4-4AFD-B343-AD88C360E5E3}.Debug|Any CPU.ActiveCfg = Debug|Any CPU
		{A37FF535-31F4-4AFD-B343-AD88C360E5E3}.Debug|Any CPU.Build.0 = Debug|Any CPU
		{A37FF535-31F4-4AFD-B343-AD88C360E5E3}.Release|Any CPU.ActiveCfg = Release|Any CPU
		{A37FF535-31F4-4AFD-B343-AD88C360E5E3}.Release|Any CPU.Build.0 = Release|Any CPU
		{0D0745C2-F8D5-47C9-AC41-3B79F7C0CEFC}.Debug|Any CPU.ActiveCfg = Debug|Any CPU
		{0D0745C2-F8D5-47C9-AC41-3B79F7C0CEFC}.Debug|Any CPU.Build.0 = Debug|Any CPU
		{0D0745C2-F8D5-47C9-AC41-3B79F7C0CEFC}.Release|Any CPU.ActiveCfg = Release|Any CPU
		{0D0745C2-F8D5-47C9-AC41-3B79F7C0CEFC}.Release|Any CPU.Build.0 = Release|Any CPU
	EndGlobalSection
	GlobalSection(SolutionProperties) = preSolution
		HideSolutionNode = FALSE
	EndGlobalSection
	GlobalSection(ExtensibilityGlobals) = postSolution
		SolutionGuid = {D5869CE6-D63A-4162-B222-4E5757B08DF8}
	EndGlobalSection
EndGlobal
